{
  "name": "mythos",
  "version": "0.0.0",
  "lockfileVersion": 3,
  "requires": true,
  "packages": {
    "": {
      "name": "mythos",
      "version": "0.0.0",
      "workspaces": [
        "server",
        "webui"
      ]
    },
    "node_modules/@mythos/server": {
      "resolved": "server",
      "link": true
    },
    "node_modules/@mythos/webui": {
      "resolved": "webui",
      "link": true
    },
    "node_modules/undici": {
      "version": "7.28.0",
      "resolved": "https://registry.npmjs.org/undici/-/undici-7.28.0.tgz",
      "integrity": "sha512-cRZYrTDwWznlnRiPjggAGxZXanty6M8RV1ff8Wm4LWXBp7/IG8v5DnOm74DtUBp9OONpK75YlPnIjQqX0dBDtA==",
      "license": "MIT",
      "engines": {
        "node": ">=20.18.1"
      }
    },
    "server": {
      "name": "@mythos/server",
      "version": "0.0.0",
      "dependencies": {
        "undici": "^7.4.0"
      }
    },
    "webui": {
      "name": "@mythos/webui",
      "version": "0.0.0"
    }
  }
}
